
Microsoft Visual Studio Solution File, Format Version 12.00
# Visual Studio Version 16
VisualStudioVersion = 16.0.30907.101
MinimumVisualStudioVersion = 10.0.40219.1
Project("{9A19103F-16F7-4668-BE54-9A1E7A4F7556}") = "DataAccess", "DataAccess\DataAccess.csproj", "{FB84B0F9-B5DE-4BE1-A298-A6EEAA9176DC}"
EndProject
Project("{9A19103F-16F7-4668-BE54-9A1E7A4F7556}") = "Business", "Business\Business.csproj", "{9B3875AD-AC34-480A-B6CD-3221D9947EAA}"
EndProject
Project("{9A19103F-16F7-4668-BE54-9A1E7A4F7556}") = "Entities", "Entities\Entities.csproj", "{ACAB0734-50B4-462B-8DB2-982CDA9E20B7}"
EndProject
Project("{9A19103F-16F7-4668-BE54-9A1E7A4F7556}") = "ConsoleUI", "ConsoleUI\ConsoleUI.csproj", "{462EB451-43CB-4670-B7FE-06D3624B1AB0}"
EndProject
Project("{9A19103F-16F7-4668-BE54-9A1E7A4F7556}") = "Core", "Core\Core.csproj", "{CBDF8C81-EBC3-4FA7-8DE5-935A7963A40D}"
EndProject
Project("{9A19103F-16F7-4668-BE54-9A1E7A4F7556}") = "WebAPI", "WebAPI\WebAPI.csproj", "{2615E15A-1BA8-4C6F-A233-9DCA19668043}"
EndProject
Global
	GlobalSection(SolutionConfigurationPlatforms) = preSolution
		Debug|Any CPU = Debug|Any CPU
		Release|Any CPU = Release|Any CPU
	EndGlobalSection
	GlobalSection(ProjectConfigurationPlatforms) = postSolution
		{FB84B0F9-B5DE-4BE1-A298-A6EEAA9176DC}.Debug|Any CPU.ActiveCfg = Debug|Any CPU
		{FB84B0F9-B5DE-4BE1-A298-A6EEAA9176DC}.Debug|Any CPU.Build.0 = Debug|Any CPU
		{FB84B0F9-B5DE-4BE1-A298-A6EEAA9176DC}.Release|Any CPU.ActiveCfg = Release|Any CPU
		{FB84B0F9-B5DE-4BE1-A298-A6EEAA9176DC}.Release|Any CPU.Build.0 = Release|Any CPU
		{9B3875AD-AC34-480A-B6CD-3221D9947EAA}.Debug|Any CPU.ActiveCfg = Debug|Any CPU
		{9B3875AD-AC34-480A-B6CD-3221D9947EAA}.Debug|Any CPU.Build.0 = Debug|Any CPU
		{9B3875AD-AC34-480A-B6CD-3221D9947EAA}.Release|Any CPU.ActiveCfg = Release|Any CPU
		{9B3875AD-AC34-480A-B6CD-3221D9947EAA}.Release|Any CPU.Build.0 = Release|Any CPU
		{ACAB0734-50B4-462B-8DB2-982CDA9E20B7}.Debug|Any CPU.ActiveCfg = Debug|Any CPU
		{ACAB0734-50B4-462B-8DB2-982CDA9E20B7}.Debug|Any CPU.Build.0 = Debug|Any CPU
		{ACAB0734-50B4-462B-8DB2-982CDA9E20B7}.Release|Any CPU.ActiveCfg = Release|Any CPU
		{ACAB0734-50B4-462B-8DB2-982CDA9E20B7}.Release|Any CPU.Build.0 = Release|Any CPU
		{462EB451-43CB-4670-B7FE-06D3624B1AB0}.Debug|Any CPU.ActiveCfg = Debug|Any CPU
		{462EB451-43CB-4670-B7FE-06D3624B1AB0}.Debug|Any CPU.Build.0 = Debug|Any CPU
		{462EB451-43CB-4670-B7FE-06D3624B1AB0}.Release|Any CPU.ActiveCfg = Release|Any CPU
		{462EB451-43CB-4670-B7FE-06D3624B1AB0}.Release|Any CPU.Build.0 = Release|Any CPU
		{CBDF8C81-EBC3-4FA7-8DE5-935A7963A40D}.Debug|Any CPU.ActiveCfg = Debug|Any CPU
		{CBDF8C81-EBC3-4FA7-8DE5-935A7963A40D}.Debug|Any CPU.Build.0 = Debug|Any CPU
		{CBDF8C81-EBC3-4FA7-8DE5-935A7963A40D}.Release|Any CPU.ActiveCfg = Release|Any CPU
		{CBDF8C81-EBC3-4FA7-8DE5-935A7963A40D}.Release|Any CPU.Build.0 = Release|Any CPU
		{2615E15A-1BA8-4C6F-A233-9DCA19668043}.Debug|Any CPU.ActiveCfg = Debug|Any CPU
		{2615E15A-1BA8-4C6F-A233-9DCA19668043}.Debug|Any CPU.Build.0 = Debug|Any CPU
		{2615E15A-1BA8-4C6F-A233-9DCA19668043}.Release|Any CPU.ActiveCfg = Release|Any CPU
		{2615E15A-1BA8-4C6F-A233-9DCA19668043}.Release|Any CPU.Build.0 = Release|Any CPU
	EndGlobalSection
	GlobalSection(SolutionProperties) = preSolution
		HideSolutionNode = FALSE
	EndGlobalSection
	GlobalSection(ExtensibilityGlobals) = postSolution
		SolutionGuid = {A74F7B21-877E-4E38-BEDA-F9B6CEC24D9B}
	EndGlobalSection
EndGlobal
